{
  "version": 4,
  "terraform_version": "1.5.4",
  "serial": 25,
  "lineage": "a527df51-758c-05b3-d597-10421cef811f",
  "outputs": {},
  "resources": [
    {
      "mode": "managed",
      "type": "local_file",
      "name": "linuxfile1",
      "provider": "provider[\"registry.terraform.io/hashicorp/local\"]",
      "instances": [
        {
          "schema_version": 0,
          "attributes": {
            "content": "file created in linux server",
            "content_base64": null,
            "content_base64sha256": "oLKPUvBZ4mIJ4Y6pALQkQJ8XMGZG6AUFNyaXMd76uzs=",
            "content_base64sha512": "UbWN7d88bp3OI37CAizmk2Ht4m+mEVd7TjvY39OITOtHz9qcnjv14Z3fYOXCSspz7ONEdRhkHHoLQ/Tyb8SkBw==",
            "content_md5": "b964472bc3d653d3427e41766e60fa9b",
            "content_sha1": "af07b24fe58ccbc836b96d67950f17903dc7e4d9",
            "content_sha256": "a0b28f52f059e26209e18ea900b424409f17306646e8050537269731defabb3b",
            "content_sha512": "51b58deddf3c6e9dce237ec2022ce69361ede26fa611577b4e3bd8dfd3884ceb47cfda9c9e3bf5e19ddf60e5c24aca73ece3447518641c7a0b43f4f26fc4a407",
            "directory_permission": "0777",
            "file_permission": "0777",
            "filename": "Linuxfile.txt",
            "id": "af07b24fe58ccbc836b96d67950f17903dc7e4d9",
            "sensitive_content": null,
            "source": null
          },
          "sensitive_attributes": []
        }
      ]
    },
    {
      "mode": "managed",
      "type": "local_file",
      "name": "linuxfile2",
      "provider": "provider[\"registry.terraform.io/hashicorp/local\"]",
      "instances": [
        {
          "schema_version": 0,
          "attributes": {
            "content": "file created in linux server",
            "content_base64": null,
            "content_base64sha256": "oLKPUvBZ4mIJ4Y6pALQkQJ8XMGZG6AUFNyaXMd76uzs=",
            "content_base64sha512": "UbWN7d88bp3OI37CAizmk2Ht4m+mEVd7TjvY39OITOtHz9qcnjv14Z3fYOXCSspz7ONEdRhkHHoLQ/Tyb8SkBw==",
            "content_md5": "b964472bc3d653d3427e41766e60fa9b",
            "content_sha1": "af07b24fe58ccbc836b96d67950f17903dc7e4d9",
            "content_sha256": "a0b28f52f059e26209e18ea900b424409f17306646e8050537269731defabb3b",
            "content_sha512": "51b58deddf3c6e9dce237ec2022ce69361ede26fa611577b4e3bd8dfd3884ceb47cfda9c9e3bf5e19ddf60e5c24aca73ece3447518641c7a0b43f4f26fc4a407",
            "directory_permission": "0777",
            "file_permission": "0777",
            "filename": "/home/kiran/newdir/Linuxfile.txt",
            "id": "af07b24fe58ccbc836b96d67950f17903dc7e4d9",
            "sensitive_content": null,
            "source": null
          },
          "sensitive_attributes": []
        }
      ]
    },
    {
      "mode": "managed",
      "type": "local_file",
      "name": "testfile",
      "provider": "provider[\"registry.terraform.io/hashicorp/local\"]",
      "instances": [
        {
          "schema_version": 0,
          "attributes": {
            "content": "this is a variable given in default var block",
            "content_base64": null,
            "content_base64sha256": "b++cFIOHwjySfzpG8kfQk+fJPJvMn6tM5AS23p+aD+w=",
            "content_base64sha512": "nywKZWJIpmgpeEVyd64lO/nWeOQh4dUZwJwsJM9LcPpCwMNSTDVcgeUonrCjPnxlngqtQPkI26SEsg0yvLMMNA==",
            "content_md5": "b3308694848c8eef05e05a8335f425e7",
            "content_sha1": "ab94bf2822438a6b2d8bda171f7a429546f8b369",
            "content_sha256": "6fef9c148387c23c927f3a46f247d093e7c93c9bcc9fab4ce404b6de9f9a0fec",
            "content_sha512": "9f2c0a656248a6682978457277ae253bf9d678e421e1d519c09c2c24cf4b70fa42c0c3524c355c81e5289eb0a33e7c659e0aad40f908dba484b20d32bcb30c34",
            "directory_permission": "0777",
            "file_permission": "0777",
            "filename": "cli.txt",
            "id": "ab94bf2822438a6b2d8bda171f7a429546f8b369",
            "sensitive_content": null,
            "source": null
          },
          "sensitive_attributes": []
        }
      ]
    },
    {
      "mode": "managed",
      "type": "random_id",
      "name": "randomid",
      "provider": "provider[\"registry.terraform.io/hashicorp/random\"]",
      "instances": [
        {
          "schema_version": 0,
          "attributes": {
            "b64_std": "mJMFZiqlD70=",
            "b64_url": "mJMFZiqlD70",
            "byte_length": 8,
            "dec": "10994137051701776317",
            "hex": "989305662aa50fbd",
            "id": "mJMFZiqlD70",
            "keepers": null,
            "prefix": null
          },
          "sensitive_attributes": []
        }
      ]
    },
    {
      "mode": "managed",
      "type": "random_password",
      "name": "password",
      "provider": "provider[\"registry.terraform.io/hashicorp/random\"]",
      "instances": [
        {
          "schema_version": 3,
          "attributes": {
            "bcrypt_hash": "$2a$10$73LrkDiBZBmBxjTK9fdnje7rX7xfIS2NyyeMaUbqH5e87F4PKFlKW",
            "id": "none",
            "keepers": null,
            "length": 8,
            "lower": true,
            "min_lower": 0,
            "min_numeric": 0,
            "min_special": 0,
            "min_upper": 0,
            "number": true,
            "numeric": true,
            "override_special": "!#$%\u0026*()-_=+[]{}\u003c\u003e:?",
            "result": "Y=K]8oTi",
            "special": true,
            "upper": true
          },
          "sensitive_attributes": []
        }
      ]
    },
    {
      "mode": "managed",
      "type": "random_shuffle",
      "name": "names",
      "provider": "provider[\"registry.terraform.io/hashicorp/random\"]",
      "instances": [
        {
          "schema_version": 0,
          "attributes": {
            "id": "-",
            "input": [
              "kiran",
              "kumar",
              "reddy",
              "vepanjeri"
            ],
            "keepers": null,
            "result": [
              "kiran",
              "vepanjeri"
            ],
            "result_count": 2,
            "seed": null
          },
          "sensitive_attributes": []
        }
      ]
    },
    {
      "mode": "managed",
      "type": "random_string",
      "name": "filename1",
      "provider": "provider[\"registry.terraform.io/hashicorp/random\"]",
      "instances": [
        {
          "schema_version": 2,
          "attributes": {
            "id": "v5LbgK@w0Kbz2HzbDied",
            "keepers": null,
            "length": 20,
            "lower": true,
            "min_lower": 0,
            "min_numeric": 0,
            "min_special": 0,
            "min_upper": 0,
            "number": true,
            "numeric": true,
            "override_special": "/@£$",
            "result": "v5LbgK@w0Kbz2HzbDied",
            "special": true,
            "upper": true
          },
          "sensitive_attributes": []
        }
      ]
    }
  ],
  "check_results": null
}
